
Microsoft Visual Studio Solution File, Format Version 12.00
# Visual Studio Version 16
VisualStudioVersion = 16.0.29306.81
MinimumVisualStudioVersion = 10.0.40219.1
Project("{FAE04EC0-301F-11D3-BF4B-00C04F79EFBC}") = "WebAPI", "WebAPI\WebAPI.csproj", "{6A528E6E-A0EB-44D0-9659-05220ADD17C6}"
EndProject
Project("{FAE04EC0-301F-11D3-BF4B-00C04F79EFBC}") = "Data", "Data\Data.csproj", "{16A8C3FC-5BC7-4558-AB85-7862CC4D5F81}"
EndProject
Project("{FAE04EC0-301F-11D3-BF4B-00C04F79EFBC}") = "Repositorys", "Repository\Repositorys.csproj", "{9BC023BC-E7A1-476F-8DE7-21918A2FE367}"
EndProject
Project("{FAE04EC0-301F-11D3-BF4B-00C04F79EFBC}") = "Services", "Services\Services.csproj", "{D1A2E344-6725-42CB-8DB8-907CE144507B}"
EndProject
Global
	GlobalSection(SolutionConfigurationPlatforms) = preSolution
		Debug|Any CPU = Debug|Any CPU
		Release|Any CPU = Release|Any CPU
	EndGlobalSection
	GlobalSection(ProjectConfigurationPlatforms) = postSolution
		{6A528E6E-A0EB-44D0-9659-05220ADD17C6}.Debug|Any CPU.ActiveCfg = Debug|Any CPU
		{6A528E6E-A0EB-44D0-9659-05220ADD17C6}.Debug|Any CPU.Build.0 = Debug|Any CPU
		{6A528E6E-A0EB-44D0-9659-05220ADD17C6}.Release|Any CPU.ActiveCfg = Release|Any CPU
		{6A528E6E-A0EB-44D0-9659-05220ADD17C6}.Release|Any CPU.Build.0 = Release|Any CPU
		{16A8C3FC-5BC7-4558-AB85-7862CC4D5F81}.Debug|Any CPU.ActiveCfg = Debug|Any CPU
		{16A8C3FC-5BC7-4558-AB85-7862CC4D5F81}.Debug|Any CPU.Build.0 = Debug|Any CPU
		{16A8C3FC-5BC7-4558-AB85-7862CC4D5F81}.Release|Any CPU.ActiveCfg = Release|Any CPU
		{16A8C3FC-5BC7-4558-AB85-7862CC4D5F81}.Release|Any CPU.Build.0 = Release|Any CPU
		{9BC023BC-E7A1-476F-8DE7-21918A2FE367}.Debug|Any CPU.ActiveCfg = Debug|Any CPU
		{9BC023BC-E7A1-476F-8DE7-21918A2FE367}.Debug|Any CPU.Build.0 = Debug|Any CPU
		{9BC023BC-E7A1-476F-8DE7-21918A2FE367}.Release|Any CPU.ActiveCfg = Release|Any CPU
		{9BC023BC-E7A1-476F-8DE7-21918A2FE367}.Release|Any CPU.Build.0 = Release|Any CPU
		{D1A2E344-6725-42CB-8DB8-907CE144507B}.Debug|Any CPU.ActiveCfg = Debug|Any CPU
		{D1A2E344-6725-42CB-8DB8-907CE144507B}.Debug|Any CPU.Build.0 = Debug|Any CPU
		{D1A2E344-6725-42CB-8DB8-907CE144507B}.Release|Any CPU.ActiveCfg = Release|Any CPU
		{D1A2E344-6725-42CB-8DB8-907CE144507B}.Release|Any CPU.Build.0 = Release|Any CPU
	EndGlobalSection
	GlobalSection(SolutionProperties) = preSolution
		HideSolutionNode = FALSE
	EndGlobalSection
	GlobalSection(ExtensibilityGlobals) = postSolution
		SolutionGuid = {1F849884-D565-41BD-8E66-B72845FCBD99}
	EndGlobalSection
EndGlobal
